
Microsoft Visual Studio Solution File, Format Version 12.00
# Visual Studio Version 17
VisualStudioVersion = 17.0.32112.339
MinimumVisualStudioVersion = 10.0.40219.1
Project("{FAE04EC0-301F-11D3-BF4B-00C04F79EFBC}") = "DesafioTupiniquim.ConsoleApp", "DesafioTupiniquim.ConsoleApp\DesafioTupiniquim.ConsoleApp.csproj", "{D798CD58-D9AA-4715-BC85-CF4240A60721}"
EndProject
Global
	GlobalSection(SolutionConfigurationPlatforms) = preSolution
		Debug|Any CPU = Debug|Any CPU
		Release|Any CPU = Release|Any CPU
	EndGlobalSection
	GlobalSection(ProjectConfigurationPlatforms) = postSolution
		{D798CD58-D9AA-4715-BC85-CF4240A60721}.Debug|Any CPU.ActiveCfg = Debug|Any CPU
		{D798CD58-D9AA-4715-BC85-CF4240A60721}.Debug|Any CPU.Build.0 = Debug|Any CPU
		{D798CD58-D9AA-4715-BC85-CF4240A60721}.Release|Any CPU.ActiveCfg = Release|Any CPU
		{D798CD58-D9AA-4715-BC85-CF4240A60721}.Release|Any CPU.Build.0 = Release|Any CPU
	EndGlobalSection
	GlobalSection(SolutionProperties) = preSolution
		HideSolutionNode = FALSE
	EndGlobalSection
	GlobalSection(ExtensibilityGlobals) = postSolution
		SolutionGuid = {744753FC-D796-4551-88DD-59BD304F2F6C}
	EndGlobalSection
EndGlobal
